github.com/santhosh-tekuri/jsonschema/v3 v3.1.0 h1:levPcBfnazlA1CyCMC3asL/QLZkq9pa8tQZOH513zQw=
github.com/santhosh-tekuri/jsonschema/v3 v3.1.0/go.mod h1:8kzK2TC0k0YjOForaAHdNEa7ik0fokNa2k30BKJ/W7Y=
gopkg.in/check.v1 v0.0.0-20161208181325-20d25e280405/go.mod h1:Co6ibVJAznAaIkqp8huTwlJQCZ016jof/cbN4VW5Yz0=
gopkg.in/yaml.v2 v2.4.0 h1:D8xgwECY7CYvx+Y2n4sBz93Jn9JRvxdiyyo8CTfuKaY=
gopkg.in/yaml.v2 v2.4.0/go.mod h1:RDklbk79AGWmwhnvt/jBztapEOGDOx6ZbXqjP6csGnQ=
